
Microsoft Visual Studio Solution File, Format Version 12.00
# Visual Studio Version 17
VisualStudioVersion = 17.5.33414.496
MinimumVisualStudioVersion = 10.0.40219.1
Project("{FAE04EC0-301F-11D3-BF4B-00C04F79EFBC}") = "ForPostMAn", "ForPostMAn.csproj", "{CF4417DA-405A-459B-A1E7-DB96076E7744}"
EndProject
Global
	GlobalSection(SolutionConfigurationPlatforms) = preSolution
		Debug|Any CPU = Debug|Any CPU
		Release|Any CPU = Release|Any CPU
	EndGlobalSection
	GlobalSection(ProjectConfigurationPlatforms) = postSolution
		{CF4417DA-405A-459B-A1E7-DB96076E7744}.Debug|Any CPU.ActiveCfg = Debug|Any CPU
		{CF4417DA-405A-459B-A1E7-DB96076E7744}.Debug|Any CPU.Build.0 = Debug|Any CPU
		{CF4417DA-405A-459B-A1E7-DB96076E7744}.Release|Any CPU.ActiveCfg = Release|Any CPU
		{CF4417DA-405A-459B-A1E7-DB96076E7744}.Release|Any CPU.Build.0 = Release|Any CPU
	EndGlobalSection
	GlobalSection(SolutionProperties) = preSolution
		HideSolutionNode = FALSE
	EndGlobalSection
	GlobalSection(ExtensibilityGlobals) = postSolution
		SolutionGuid = {F3A46996-BD4F-4F26-B89E-7A1F0AC48940}
	EndGlobalSection
EndGlobal
